// !$*UTF8*$!
{
	archiveVersion = 1;
	classes = {
	};
	objectVersion = 55;
	objects = {

/* Begin PBXBuildFile section */
		68D3DF5A2942677E005209D9 /* Constants.swift in Sources */ = {isa = PBXBuildFile; fileRef = 68D3DF592942677E005209D9 /* Constants.swift */; };
		911F548827C6A2BC005D4876 /* AppConfig.swift in Sources */ = {isa = PBXBuildFile; fileRef = 911F548727C6A2BC005D4876 /* AppConfig.swift */; };
		912196BE27C6868100407648 /* atlasConfig.plist in Resources */ = {isa = PBXBuildFile; fileRef = 912196BD27C6868100407648 /* atlasConfig.plist */; };
		913D464B2770E46800ABE7D3 /* App.swift in Sources */ = {isa = PBXBuildFile; fileRef = 913D464A2770E46800ABE7D3 /* App.swift */; };
		913D464D2770E46800ABE7D3 /* ContentView.swift in Sources */ = {isa = PBXBuildFile; fileRef = 913D464C2770E46800ABE7D3 /* ContentView.swift */; };
		913D464F2770E46A00ABE7D3 /* Assets.xcassets in Resources */ = {isa = PBXBuildFile; fileRef = 913D464E2770E46A00ABE7D3 /* Assets.xcassets */; };
		913D46522770E46A00ABE7D3 /* Preview Assets.xcassets in Resources */ = {isa = PBXBuildFile; fileRef = 913D46512770E46A00ABE7D3 /* Preview Assets.xcassets */; };
		913D465E2770E7DF00ABE7D3 /* Item.swift in Sources */ = {isa = PBXBuildFile; fileRef = 913D465D2770E7DF00ABE7D3 /* Item.swift */; };
		913D46602770E94500ABE7D3 /* CreateItemView.swift in Sources */ = {isa = PBXBuildFile; fileRef = 913D465F2770E94500ABE7D3 /* CreateItemView.swift */; };
		913D46622770F0C600ABE7D3 /* LoginView.swift in Sources */ = {isa = PBXBuildFile; fileRef = 913D46612770F0C600ABE7D3 /* LoginView.swift */; };
		9150FFA32BE500EB00833B3D /* RealmSwift in Embed Frameworks */ = {isa = PBXBuildFile; productRef = 915E413B284937E700D7C234 /* RealmSwift */; settings = {ATTRIBUTES = (CodeSignOnCopy, ); }; };
		915E413C284937E700D7C234 /* RealmSwift in Frameworks */ = {isa = PBXBuildFile; productRef = 915E413B284937E700D7C234 /* RealmSwift */; };
		917097DC27A05EBC00F1D65B /* LogoutButton.swift in Sources */ = {isa = PBXBuildFile; fileRef = 917097DB27A05EBC00F1D65B /* LogoutButton.swift */; };
		917097DE27A05F0000F1D65B /* OpenRealmView.swift in Sources */ = {isa = PBXBuildFile; fileRef = 917097DD27A05F0000F1D65B /* OpenRealmView.swift */; };
		917097E027A05F3E00F1D65B /* ItemDetail.swift in Sources */ = {isa = PBXBuildFile; fileRef = 917097DF27A05F3E00F1D65B /* ItemDetail.swift */; };
		917097E227A05F5A00F1D65B /* ItemRow.swift in Sources */ = {isa = PBXBuildFile; fileRef = 917097E127A05F5A00F1D65B /* ItemRow.swift */; };
		917097E427A05F7E00F1D65B /* ItemsView.swift in Sources */ = {isa = PBXBuildFile; fileRef = 917097E327A05F7E00F1D65B /* ItemsView.swift */; };
		917097E627A05FA000F1D65B /* ItemList.swift in Sources */ = {isa = PBXBuildFile; fileRef = 917097E527A05FA000F1D65B /* ItemList.swift */; };
		91DF3EEA27AAE18F0020D937 /* ErrorView.swift in Sources */ = {isa = PBXBuildFile; fileRef = 91DF3EE927AAE18F0020D937 /* ErrorView.swift */; };
/* End PBXBuildFile section */

/* Begin PBXCopyFilesBuildPhase section */
		9150FFA42BE500EB00833B3D /* Embed Frameworks */ = {
			isa = PBXCopyFilesBuildPhase;
			buildActionMask = 2147483647;
			dstPath = "";
			dstSubfolderSpec = 10;
			files = (
				9150FFA32BE500EB00833B3D /* RealmSwift in Embed Frameworks */,
			);
			name = "Embed Frameworks";
			runOnlyForDeploymentPostprocessing = 0;
		};
/* End PBXCopyFilesBuildPhase section */

/* Begin PBXFileReference section */
		68D3DF592942677E005209D9 /* Constants.swift */ = {isa = PBXFileReference; lastKnownFileType = sourcecode.swift; path = Constants.swift; sourceTree = "<group>"; };
		911F548727C6A2BC005D4876 /* AppConfig.swift */ = {isa = PBXFileReference; lastKnownFileType = sourcecode.swift; path = AppConfig.swift; sourceTree = "<group>"; };
		912196BD27C6868100407648 /* atlasConfig.plist */ = {isa = PBXFileReference; lastKnownFileType = text.plist.xml; path = atlasConfig.plist; sourceTree = "<group>"; };
		913D46472770E46800ABE7D3 /* App.app */ = {isa = PBXFileReference; explicitFileType = wrapper.application; includeInIndex = 0; path = App.app; sourceTree = BUILT_PRODUCTS_DIR; };
		913D464A2770E46800ABE7D3 /* App.swift */ = {isa = PBXFileReference; lastKnownFileType = sourcecode.swift; path = App.swift; sourceTree = "<group>"; };
		913D464C2770E46800ABE7D3 /* ContentView.swift */ = {isa = PBXFileReference; lastKnownFileType = sourcecode.swift; path = ContentView.swift; sourceTree = "<group>"; };
		913D464E2770E46A00ABE7D3 /* Assets.xcassets */ = {isa = PBXFileReference; lastKnownFileType = folder.assetcatalog; path = Assets.xcassets; sourceTree = "<group>"; };
		913D46512770E46A00ABE7D3 /* Preview Assets.xcassets */ = {isa = PBXFileReference; lastKnownFileType = folder.assetcatalog; path = "Preview Assets.xcassets"; sourceTree = "<group>"; };
		913D465D2770E7DF00ABE7D3 /* Item.swift */ = {isa = PBXFileReference; lastKnownFileType = sourcecode.swift; path = Item.swift; sourceTree = "<group>"; };
		913D465F2770E94500ABE7D3 /* CreateItemView.swift */ = {isa = PBXFileReference; lastKnownFileType = sourcecode.swift; path = CreateItemView.swift; sourceTree = "<group>"; };
		913D46612770F0C600ABE7D3 /* LoginView.swift */ = {isa = PBXFileReference; lastKnownFileType = sourcecode.swift; path = LoginView.swift; sourceTree = "<group>"; };
		917097DB27A05EBC00F1D65B /* LogoutButton.swift */ = {isa = PBXFileReference; lastKnownFileType = sourcecode.swift; path = LogoutButton.swift; sourceTree = "<group>"; };
		917097DD27A05F0000F1D65B /* OpenRealmView.swift */ = {isa = PBXFileReference; lastKnownFileType = sourcecode.swift; path = OpenRealmView.swift; sourceTree = "<group>"; };
		917097DF27A05F3E00F1D65B /* ItemDetail.swift */ = {isa = PBXFileReference; lastKnownFileType = sourcecode.swift; path = ItemDetail.swift; sourceTree = "<group>"; };
		917097E127A05F5A00F1D65B /* ItemRow.swift */ = {isa = PBXFileReference; lastKnownFileType = sourcecode.swift; path = ItemRow.swift; sourceTree = "<group>"; };
		917097E327A05F7E00F1D65B /* ItemsView.swift */ = {isa = PBXFileReference; lastKnownFileType = sourcecode.swift; path = ItemsView.swift; sourceTree = "<group>"; };
		917097E527A05FA000F1D65B /* ItemList.swift */ = {isa = PBXFileReference; lastKnownFileType = sourcecode.swift; path = ItemList.swift; sourceTree = "<group>"; };
		91DF3EE927AAE18F0020D937 /* ErrorView.swift */ = {isa = PBXFileReference; lastKnownFileType = sourcecode.swift; path = ErrorView.swift; sourceTree = "<group>"; };
/* End PBXFileReference section */

/* Begin PBXFrameworksBuildPhase section */
		913D46442770E46800ABE7D3 /* Frameworks */ = {
			isa = PBXFrameworksBuildPhase;
			buildActionMask = 2147483647;
			files = (
				915E413C284937E700D7C234 /* RealmSwift in Frameworks */,
			);
			runOnlyForDeploymentPostprocessing = 0;
		};
/* End PBXFrameworksBuildPhase section */

/* Begin PBXGroup section */
		913D463E2770E46800ABE7D3 = {
			isa = PBXGroup;
			children = (
				913D46492770E46800ABE7D3 /* App */,
				913D46482770E46800ABE7D3 /* Products */,
			);
			sourceTree = "<group>";
		};
		913D46482770E46800ABE7D3 /* Products */ = {
			isa = PBXGroup;
			children = (
				913D46472770E46800ABE7D3 /* App.app */,
			);
			name = Products;
			sourceTree = "<group>";
		};
		913D46492770E46800ABE7D3 /* App */ = {
			isa = PBXGroup;
			children = (
				911F548727C6A2BC005D4876 /* AppConfig.swift */,
				913D464E2770E46A00ABE7D3 /* Assets.xcassets */,
				913D46502770E46A00ABE7D3 /* Preview Content */,
				912196BD27C6868100407648 /* atlasConfig.plist */,
				913D464A2770E46800ABE7D3 /* App.swift */,
				913D465D2770E7DF00ABE7D3 /* Item.swift */,
				68D3DF592942677E005209D9 /* Constants.swift */,
				917097E727A0600000F1D65B /* Views */,
			);
			path = App;
			sourceTree = "<group>";
		};
		913D46502770E46A00ABE7D3 /* Preview Content */ = {
			isa = PBXGroup;
			children = (
				913D46512770E46A00ABE7D3 /* Preview Assets.xcassets */,
			);
			path = "Preview Content";
			sourceTree = "<group>";
		};
		917097E727A0600000F1D65B /* Views */ = {
			isa = PBXGroup;
			children = (
				913D464C2770E46800ABE7D3 /* ContentView.swift */,
				91DF3EE927AAE18F0020D937 /* ErrorView.swift */,
				913D46612770F0C600ABE7D3 /* LoginView.swift */,
				917097DB27A05EBC00F1D65B /* LogoutButton.swift */,
				913D465F2770E94500ABE7D3 /* CreateItemView.swift */,
				917097DD27A05F0000F1D65B /* OpenRealmView.swift */,
				917097DF27A05F3E00F1D65B /* ItemDetail.swift */,
				917097E527A05FA000F1D65B /* ItemList.swift */,
				917097E127A05F5A00F1D65B /* ItemRow.swift */,
				917097E327A05F7E00F1D65B /* ItemsView.swift */,
			);
			path = Views;
			sourceTree = "<group>";
		};
/* End PBXGroup section */

/* Begin PBXNativeTarget section */
		913D46462770E46800ABE7D3 /* App */ = {
			isa = PBXNativeTarget;
			buildConfigurationList = 913D46552770E46A00ABE7D3 /* Build configuration list for PBXNativeTarget "App" */;
			buildPhases = (
				913D46432770E46800ABE7D3 /* Sources */,
				913D46442770E46800ABE7D3 /* Frameworks */,
				913D46452770E46800ABE7D3 /* Resources */,
				9150FFA42BE500EB00833B3D /* Embed Frameworks */,
			);
			buildRules = (
			);
			dependencies = (
			);
			name = App;
			packageProductDependencies = (
				915E413B284937E700D7C234 /* RealmSwift */,
			);
			productName = "realm-template-apps-swiftui";
			productReference = 913D46472770E46800ABE7D3 /* App.app */;
			productType = "com.apple.product-type.application";
		};
/* End PBXNativeTarget section */

/* Begin PBXProject section */
		913D463F2770E46800ABE7D3 /* Project object */ = {
			isa = PBXProject;
			attributes = {
				BuildIndependentTargetsInParallel = 1;
				LastSwiftUpdateCheck = 1320;
				LastUpgradeCheck = 1320;
				TargetAttributes = {
					913D46462770E46800ABE7D3 = {
						CreatedOnToolsVersion = 13.2.1;
					};
				};
			};
			buildConfigurationList = 913D46422770E46800ABE7D3 /* Build configuration list for PBXProject "App" */;
			compatibilityVersion = "Xcode 13.0";
			developmentRegion = en;
			hasScannedForEncodings = 0;
			knownRegions = (
				en,
				Base,
			);
			mainGroup = 913D463E2770E46800ABE7D3;
			packageReferences = (
				915E4138284937E700D7C234 /* XCRemoteSwiftPackageReference "realm-swift" */,
			);
			productRefGroup = 913D46482770E46800ABE7D3 /* Products */;
			projectDirPath = "";
			projectRoot = "";
			targets = (
				913D46462770E46800ABE7D3 /* App */,
			);
		};
/* End PBXProject section */

/* Begin PBXResourcesBuildPhase section */
		913D46452770E46800ABE7D3 /* Resources */ = {
			isa = PBXResourcesBuildPhase;
			buildActionMask = 2147483647;
			files = (
				913D46522770E46A00ABE7D3 /* Preview Assets.xcassets in Resources */,
				913D464F2770E46A00ABE7D3 /* Assets.xcassets in Resources */,
				912196BE27C6868100407648 /* atlasConfig.plist in Resources */,
			);
			runOnlyForDeploymentPostprocessing = 0;
		};
/* End PBXResourcesBuildPhase section */

/* Begin PBXSourcesBuildPhase section */
		913D46432770E46800ABE7D3 /* Sources */ = {
			isa = PBXSourcesBuildPhase;
			buildActionMask = 2147483647;
			files = (
				917097E427A05F7E00F1D65B /* ItemsView.swift in Sources */,
				917097E627A05FA000F1D65B /* ItemList.swift in Sources */,
				917097DE27A05F0000F1D65B /* OpenRealmView.swift in Sources */,
				913D46622770F0C600ABE7D3 /* LoginView.swift in Sources */,
				917097E227A05F5A00F1D65B /* ItemRow.swift in Sources */,
				917097DC27A05EBC00F1D65B /* LogoutButton.swift in Sources */,
				913D464D2770E46800ABE7D3 /* ContentView.swift in Sources */,
				91DF3EEA27AAE18F0020D937 /* ErrorView.swift in Sources */,
				917097E027A05F3E00F1D65B /* ItemDetail.swift in Sources */,
				913D465E2770E7DF00ABE7D3 /* Item.swift in Sources */,
				911F548827C6A2BC005D4876 /* AppConfig.swift in Sources */,
				68D3DF5A2942677E005209D9 /* Constants.swift in Sources */,
				913D464B2770E46800ABE7D3 /* App.swift in Sources */,
				913D46602770E94500ABE7D3 /* CreateItemView.swift in Sources */,
			);
			runOnlyForDeploymentPostprocessing = 0;
		};
/* End PBXSourcesBuildPhase section */

/* Begin XCBuildConfiguration section */
		913D46532770E46A00ABE7D3 /* Debug */ = {
			isa = XCBuildConfiguration;
			buildSettings = {
				ALWAYS_SEARCH_USER_PATHS = NO;
				CLANG_ANALYZER_NONNULL = YES;
				CLANG_ANALYZER_NUMBER_OBJECT_CONVERSION = YES_AGGRESSIVE;
				CLANG_CXX_LANGUAGE_STANDARD = "gnu++17";
				CLANG_CXX_LIBRARY = "libc++";
				CLANG_ENABLE_MODULES = YES;
				CLANG_ENABLE_OBJC_ARC = YES;
				CLANG_ENABLE_OBJC_WEAK = YES;
				CLANG_WARN_BLOCK_CAPTURE_AUTORELEASING = YES;
				CLANG_WARN_BOOL_CONVERSION = YES;
				CLANG_WARN_COMMA = YES;
				CLANG_WARN_CONSTANT_CONVERSION = YES;
				CLANG_WARN_DEPRECATED_OBJC_IMPLEMENTATIONS = YES;
				CLANG_WARN_DIRECT_OBJC_ISA_USAGE = YES_ERROR;
				CLANG_WARN_DOCUMENTATION_COMMENTS = YES;
				CLANG_WARN_EMPTY_BODY = YES;
				CLANG_WARN_ENUM_CONVERSION = YES;
				CLANG_WARN_INFINITE_RECURSION = YES;
				CLANG_WARN_INT_CONVERSION = YES;
				CLANG_WARN_NON_LITERAL_NULL_CONVERSION = YES;
				CLANG_WARN_OBJC_IMPLICIT_RETAIN_SELF = YES;
				CLANG_WARN_OBJC_LITERAL_CONVERSION = YES;
				CLANG_WARN_OBJC_ROOT_CLASS = YES_ERROR;
				CLANG_WARN_QUOTED_INCLUDE_IN_FRAMEWORK_HEADER = YES;
				CLANG_WARN_RANGE_LOOP_ANALYSIS = YES;
				CLANG_WARN_STRICT_PROTOTYPES = YES;
				CLANG_WARN_SUSPICIOUS_MOVE = YES;
				CLANG_WARN_UNGUARDED_AVAILABILITY = YES_AGGRESSIVE;
				CLANG_WARN_UNREACHABLE_CODE = YES;
				CLANG_WARN__DUPLICATE_METHOD_MATCH = YES;
				COPY_PHASE_STRIP = NO;
				DEBUG_INFORMATION_FORMAT = dwarf;
				ENABLE_STRICT_OBJC_MSGSEND = YES;
				ENABLE_TESTABILITY = YES;
				GCC_C_LANGUAGE_STANDARD = gnu11;
				GCC_DYNAMIC_NO_PIC = NO;
				GCC_NO_COMMON_BLOCKS = YES;
				GCC_OPTIMIZATION_LEVEL = 0;
				GCC_PREPROCESSOR_DEFINITIONS = (
					"DEBUG=1",
					"$(inherited)",
				);
				GCC_WARN_64_TO_32_BIT_CONVERSION = YES;
				GCC_WARN_ABOUT_RETURN_TYPE = YES_ERROR;
				GCC_WARN_UNDECLARED_SELECTOR = YES;
				GCC_WARN_UNINITIALIZED_AUTOS = YES_AGGRESSIVE;
				GCC_WARN_UNUSED_FUNCTION = YES;
				GCC_WARN_UNUSED_VARIABLE = YES;
				IPHONEOS_DEPLOYMENT_TARGET = 15.2;
				MTL_ENABLE_DEBUG_INFO = INCLUDE_SOURCE;
				MTL_FAST_MATH = YES;
				ONLY_ACTIVE_ARCH = YES;
				SDKROOT = iphoneos;
				SWIFT_ACTIVE_COMPILATION_CONDITIONS = DEBUG;
				SWIFT_OPTIMIZATION_LEVEL = "-Onone";
			};
			name = Debug;
		};
		913D46542770E46A00ABE7D3 /* Release */ = {
			isa = XCBuildConfiguration;
			buildSettings = {
				ALWAYS_SEARCH_USER_PATHS = NO;
				CLANG_ANALYZER_NONNULL = YES;
				CLANG_ANALYZER_NUMBER_OBJECT_CONVERSION = YES_AGGRESSIVE;
				CLANG_CXX_LANGUAGE_STANDARD = "gnu++17";
				CLANG_CXX_LIBRARY = "libc++";
				CLANG_ENABLE_MODULES = YES;
				CLANG_ENABLE_OBJC_ARC = YES;
				CLANG_ENABLE_OBJC_WEAK = YES;
				CLANG_WARN_BLOCK_CAPTURE_AUTORELEASING = YES;
				CLANG_WARN_BOOL_CONVERSION = YES;
				CLANG_WARN_COMMA = YES;
				CLANG_WARN_CONSTANT_CONVERSION = YES;
				CLANG_WARN_DEPRECATED_OBJC_IMPLEMENTATIONS = YES;
				CLANG_WARN_DIRECT_OBJC_ISA_USAGE = YES_ERROR;
				CLANG_WARN_DOCUMENTATION_COMMENTS = YES;
				CLANG_WARN_EMPTY_BODY = YES;
				CLANG_WARN_ENUM_CONVERSION = YES;
				CLANG_WARN_INFINITE_RECURSION = YES;
				CLANG_WARN_INT_CONVERSION = YES;
				CLANG_WARN_NON_LITERAL_NULL_CONVERSION = YES;
				CLANG_WARN_OBJC_IMPLICIT_RETAIN_SELF = YES;
				CLANG_WARN_OBJC_LITERAL_CONVERSION = YES;
				CLANG_WARN_OBJC_ROOT_CLASS = YES_ERROR;
				CLANG_WARN_QUOTED_INCLUDE_IN_FRAMEWORK_HEADER = YES;
				CLANG_WARN_RANGE_LOOP_ANALYSIS = YES;
				CLANG_WARN_STRICT_PROTOTYPES = YES;
				CLANG_WARN_SUSPICIOUS_MOVE = YES;
				CLANG_WARN_UNGUARDED_AVAILABILITY = YES_AGGRESSIVE;
				CLANG_WARN_UNREACHABLE_CODE = YES;
				CLANG_WARN__DUPLICATE_METHOD_MATCH = YES;
				COPY_PHASE_STRIP = NO;
				DEBUG_INFORMATION_FORMAT = "dwarf-with-dsym";
				ENABLE_NS_ASSERTIONS = NO;
				ENABLE_STRICT_OBJC_MSGSEND = YES;
				GCC_C_LANGUAGE_STANDARD = gnu11;
				GCC_NO_COMMON_BLOCKS = YES;
				GCC_WARN_64_TO_32_BIT_CONVERSION = YES;
				GCC_WARN_ABOUT_RETURN_TYPE = YES_ERROR;
				GCC_WARN_UNDECLARED_SELECTOR = YES;
				GCC_WARN_UNINITIALIZED_AUTOS = YES_AGGRESSIVE;
				GCC_WARN_UNUSED_FUNCTION = YES;
				GCC_WARN_UNUSED_VARIABLE = YES;
				IPHONEOS_DEPLOYMENT_TARGET = 15.2;
				MTL_ENABLE_DEBUG_INFO = NO;
				MTL_FAST_MATH = YES;
				SDKROOT = iphoneos;
				SWIFT_COMPILATION_MODE = wholemodule;
				SWIFT_OPTIMIZATION_LEVEL = "-O";
				VALIDATE_PRODUCT = YES;
			};
			name = Release;
		};
		913D46562770E46A00ABE7D3 /* Debug */ = {
			isa = XCBuildConfiguration;
			buildSettings = {
				ASSETCATALOG_COMPILER_APPICON_NAME = AppIcon;
				ASSETCATALOG_COMPILER_GLOBAL_ACCENT_COLOR_NAME = AccentColor;
				CODE_SIGN_STYLE = Automatic;
				CURRENT_PROJECT_VERSION = 1;
				DEVELOPMENT_ASSET_PATHS = "\"App/Preview Content\"";
				DEVELOPMENT_TEAM = T7AQ7795G8;
				ENABLE_PREVIEWS = YES;
				GENERATE_INFOPLIST_FILE = YES;
				INFOPLIST_KEY_UIApplicationSceneManifest_Generation = YES;
				INFOPLIST_KEY_UIApplicationSupportsIndirectInputEvents = YES;
				INFOPLIST_KEY_UILaunchScreen_Generation = YES;
				INFOPLIST_KEY_UISupportedInterfaceOrientations_iPad = "UIInterfaceOrientationPortrait UIInterfaceOrientationPortraitUpsideDown UIInterfaceOrientationLandscapeLeft UIInterfaceOrientationLandscapeRight";
				INFOPLIST_KEY_UISupportedInterfaceOrientations_iPhone = "UIInterfaceOrientationPortrait UIInterfaceOrientationLandscapeLeft UIInterfaceOrientationLandscapeRight";
				LD_RUNPATH_SEARCH_PATHS = (
					"$(inherited)",
					"@executable_path/Frameworks",
				);
				MARKETING_VERSION = 1.0;
				PRODUCT_BUNDLE_IDENTIFIER = mongodb.realm.App;
				PRODUCT_NAME = "$(TARGET_NAME)";
				SWIFT_EMIT_LOC_STRINGS = YES;
				SWIFT_VERSION = 5.0;
				TARGETED_DEVICE_FAMILY = "1,2";
			};
			name = Debug;
		};
		913D46572770E46A00ABE7D3 /* Release */ = {
			isa = XCBuildConfiguration;
			buildSettings = {
				ASSETCATALOG_COMPILER_APPICON_NAME = AppIcon;
				ASSETCATALOG_COMPILER_GLOBAL_ACCENT_COLOR_NAME = AccentColor;
				CODE_SIGN_STYLE = Automatic;
				CURRENT_PROJECT_VERSION = 1;
				DEVELOPMENT_ASSET_PATHS = "\"App/Preview Content\"";
				DEVELOPMENT_TEAM = T7AQ7795G8;
				ENABLE_PREVIEWS = YES;
				GENERATE_INFOPLIST_FILE = YES;
				INFOPLIST_KEY_UIApplicationSceneManifest_Generation = YES;
				INFOPLIST_KEY_UIApplicationSupportsIndirectInputEvents = YES;
				INFOPLIST_KEY_UILaunchScreen_Generation = YES;
				INFOPLIST_KEY_UISupportedInterfaceOrientations_iPad = "UIInterfaceOrientationPortrait UIInterfaceOrientationPortraitUpsideDown UIInterfaceOrientationLandscapeLeft UIInterfaceOrientationLandscapeRight";
				INFOPLIST_KEY_UISupportedInterfaceOrientations_iPhone = "UIInterfaceOrientationPortrait UIInterfaceOrientationLandscapeLeft UIInterfaceOrientationLandscapeRight";
				LD_RUNPATH_SEARCH_PATHS = (
					"$(inherited)",
					"@executable_path/Frameworks",
				);
				MARKETING_VERSION = 1.0;
				PRODUCT_BUNDLE_IDENTIFIER = mongodb.realm.App;
				PRODUCT_NAME = "$(TARGET_NAME)";
				SWIFT_EMIT_LOC_STRINGS = YES;
				SWIFT_VERSION = 5.0;
				TARGETED_DEVICE_FAMILY = "1,2";
			};
			name = Release;
		};
/* End XCBuildConfiguration section */

/* Begin XCConfigurationList section */
		913D46422770E46800ABE7D3 /* Build configuration list for PBXProject "App" */ = {
			isa = XCConfigurationList;
			buildConfigurations = (
				913D46532770E46A00ABE7D3 /* Debug */,
				913D46542770E46A00ABE7D3 /* Release */,
			);
			defaultConfigurationIsVisible = 0;
			defaultConfigurationName = Release;
		};
		913D46552770E46A00ABE7D3 /* Build configuration list for PBXNativeTarget "App" */ = {
			isa = XCConfigurationList;
			buildConfigurations = (
				913D46562770E46A00ABE7D3 /* Debug */,
				913D46572770E46A00ABE7D3 /* Release */,
			);
			defaultConfigurationIsVisible = 0;
			defaultConfigurationName = Release;
		};
/* End XCConfigurationList section */

/* Begin XCRemoteSwiftPackageReference section */
		915E4138284937E700D7C234 /* XCRemoteSwiftPackageReference "realm-swift" */ = {
			isa = XCRemoteSwiftPackageReference;
			repositoryURL = "https://github.com/realm/realm-swift.git";
			requirement = {
				kind = upToNextMajorVersion;
				minimumVersion = 10.50.1;
			};
		};
/* End XCRemoteSwiftPackageReference section */

/* Begin XCSwiftPackageProductDependency section */
		915E413B284937E700D7C234 /* RealmSwift */ = {
			isa = XCSwiftPackageProductDependency;
			package = 915E4138284937E700D7C234 /* XCRemoteSwiftPackageReference "realm-swift" */;
			productName = RealmSwift;
		};
/* End XCSwiftPackageProductDependency section */
	};
	rootObject = 913D463F2770E46800ABE7D3 /* Project object */;
}
